// !$*UTF8*$!
{
	archiveVersion = 1;
	classes = {
	};
	objectVersion = 50;
	objects = {

/* Begin PBXBuildFile section */
		F13F181226F92F4C009A6EDB /* ZipCodeApi.swift in Sources */ = {isa = PBXBuildFile; fileRef = F13F181126F92F4C009A6EDB /* ZipCodeApi.swift */; };
		F13F181526F934DC009A6EDB /* app_settings.json in Resources */ = {isa = PBXBuildFile; fileRef = F13F181426F934DC009A6EDB /* app_settings.json */; };
		F13F181B26F94C20009A6EDB /* SearchViewModel.swift in Sources */ = {isa = PBXBuildFile; fileRef = F13F181A26F94C20009A6EDB /* SearchViewModel.swift */; };
		F145A52C26F9592500DF51E4 /* ZipCodeApiResponse.swift in Sources */ = {isa = PBXBuildFile; fileRef = F145A52B26F9592500DF51E4 /* ZipCodeApiResponse.swift */; };
		F1C10FC926F92E8400FF5A20 /* AppDelegate.swift in Sources */ = {isa = PBXBuildFile; fileRef = F1C10FC826F92E8400FF5A20 /* AppDelegate.swift */; };
		F1C10FCB26F92E8400FF5A20 /* SceneDelegate.swift in Sources */ = {isa = PBXBuildFile; fileRef = F1C10FCA26F92E8400FF5A20 /* SceneDelegate.swift */; };
		F1C10FCD26F92E8400FF5A20 /* SearchViewController.swift in Sources */ = {isa = PBXBuildFile; fileRef = F1C10FCC26F92E8400FF5A20 /* SearchViewController.swift */; };
		F1C10FD026F92E8400FF5A20 /* Main.storyboard in Resources */ = {isa = PBXBuildFile; fileRef = F1C10FCE26F92E8400FF5A20 /* Main.storyboard */; };
		F1C10FD226F92E8500FF5A20 /* Assets.xcassets in Resources */ = {isa = PBXBuildFile; fileRef = F1C10FD126F92E8500FF5A20 /* Assets.xcassets */; };
		F1C10FD526F92E8500FF5A20 /* LaunchScreen.storyboard in Resources */ = {isa = PBXBuildFile; fileRef = F1C10FD326F92E8500FF5A20 /* LaunchScreen.storyboard */; };
		F1C10FE026F92E8500FF5A20 /* ZipCoderTests.swift in Sources */ = {isa = PBXBuildFile; fileRef = F1C10FDF26F92E8500FF5A20 /* ZipCoderTests.swift */; };
		F1C10FEB26F92E8500FF5A20 /* ZipCoderUITests.swift in Sources */ = {isa = PBXBuildFile; fileRef = F1C10FEA26F92E8500FF5A20 /* ZipCoderUITests.swift */; };
/* End PBXBuildFile section */

/* Begin PBXContainerItemProxy section */
		F1C10FDC26F92E8500FF5A20 /* PBXContainerItemProxy */ = {
			isa = PBXContainerItemProxy;
			containerPortal = F1C10FBD26F92E8400FF5A20 /* Project object */;
			proxyType = 1;
			remoteGlobalIDString = F1C10FC426F92E8400FF5A20;
			remoteInfo = ZipCoder;
		};
		F1C10FE726F92E8500FF5A20 /* PBXContainerItemProxy */ = {
			isa = PBXContainerItemProxy;
			containerPortal = F1C10FBD26F92E8400FF5A20 /* Project object */;
			proxyType = 1;
			remoteGlobalIDString = F1C10FC426F92E8400FF5A20;
			remoteInfo = ZipCoder;
		};
/* End PBXContainerItemProxy section */

/* Begin PBXFileReference section */
		F13F181126F92F4C009A6EDB /* ZipCodeApi.swift */ = {isa = PBXFileReference; lastKnownFileType = sourcecode.swift; name = ZipCodeApi.swift; path = ../../zipcoder/ZipCoder/ZipCodeApi.swift; sourceTree = "<group>"; };
		F13F181426F934DC009A6EDB /* app_settings.json */ = {isa = PBXFileReference; fileEncoding = 4; lastKnownFileType = text.json; path = app_settings.json; sourceTree = "<group>"; };
		F13F181A26F94C20009A6EDB /* SearchViewModel.swift */ = {isa = PBXFileReference; lastKnownFileType = sourcecode.swift; name = SearchViewModel.swift; path = ../../zipcoder/ZipCoder/SearchViewModel.swift; sourceTree = "<group>"; };
		F145A52B26F9592500DF51E4 /* ZipCodeApiResponse.swift */ = {isa = PBXFileReference; lastKnownFileType = sourcecode.swift; path = ZipCodeApiResponse.swift; sourceTree = "<group>"; };
		F1C10FC526F92E8400FF5A20 /* ZipCoder.app */ = {isa = PBXFileReference; explicitFileType = wrapper.application; includeInIndex = 0; path = ZipCoder.app; sourceTree = BUILT_PRODUCTS_DIR; };
		F1C10FC826F92E8400FF5A20 /* AppDelegate.swift */ = {isa = PBXFileReference; lastKnownFileType = sourcecode.swift; path = AppDelegate.swift; sourceTree = "<group>"; };
		F1C10FCA26F92E8400FF5A20 /* SceneDelegate.swift */ = {isa = PBXFileReference; lastKnownFileType = sourcecode.swift; path = SceneDelegate.swift; sourceTree = "<group>"; };
		F1C10FCC26F92E8400FF5A20 /* SearchViewController.swift */ = {isa = PBXFileReference; lastKnownFileType = sourcecode.swift; path = SearchViewController.swift; sourceTree = "<group>"; };
		F1C10FCF26F92E8400FF5A20 /* Base */ = {isa = PBXFileReference; lastKnownFileType = file.storyboard; name = Base; path = Base.lproj/Main.storyboard; sourceTree = "<group>"; };
		F1C10FD126F92E8500FF5A20 /* Assets.xcassets */ = {isa = PBXFileReference; lastKnownFileType = folder.assetcatalog; path = Assets.xcassets; sourceTree = "<group>"; };
		F1C10FD426F92E8500FF5A20 /* Base */ = {isa = PBXFileReference; lastKnownFileType = file.storyboard; name = Base; path = Base.lproj/LaunchScreen.storyboard; sourceTree = "<group>"; };
		F1C10FD626F92E8500FF5A20 /* Info.plist */ = {isa = PBXFileReference; lastKnownFileType = text.plist.xml; path = Info.plist; sourceTree = "<group>"; };
		F1C10FDB26F92E8500FF5A20 /* ZipCoderTests.xctest */ = {isa = PBXFileReference; explicitFileType = wrapper.cfbundle; includeInIndex = 0; path = ZipCoderTests.xctest; sourceTree = BUILT_PRODUCTS_DIR; };
		F1C10FDF26F92E8500FF5A20 /* ZipCoderTests.swift */ = {isa = PBXFileReference; lastKnownFileType = sourcecode.swift; path = ZipCoderTests.swift; sourceTree = "<group>"; };
		F1C10FE126F92E8500FF5A20 /* Info.plist */ = {isa = PBXFileReference; lastKnownFileType = text.plist.xml; path = Info.plist; sourceTree = "<group>"; };
		F1C10FE626F92E8500FF5A20 /* ZipCoderUITests.xctest */ = {isa = PBXFileReference; explicitFileType = wrapper.cfbundle; includeInIndex = 0; path = ZipCoderUITests.xctest; sourceTree = BUILT_PRODUCTS_DIR; };
		F1C10FEA26F92E8500FF5A20 /* ZipCoderUITests.swift */ = {isa = PBXFileReference; lastKnownFileType = sourcecode.swift; path = ZipCoderUITests.swift; sourceTree = "<group>"; };
		F1C10FEC26F92E8500FF5A20 /* Info.plist */ = {isa = PBXFileReference; lastKnownFileType = text.plist.xml; path = Info.plist; sourceTree = "<group>"; };
/* End PBXFileReference section */

/* Begin PBXFrameworksBuildPhase section */
		F1C10FC226F92E8400FF5A20 /* Frameworks */ = {
			isa = PBXFrameworksBuildPhase;
			buildActionMask = 2147483647;
			files = (
			);
			runOnlyForDeploymentPostprocessing = 0;
		};
		F1C10FD826F92E8500FF5A20 /* Frameworks */ = {
			isa = PBXFrameworksBuildPhase;
			buildActionMask = 2147483647;
			files = (
			);
			runOnlyForDeploymentPostprocessing = 0;
		};
		F1C10FE326F92E8500FF5A20 /* Frameworks */ = {
			isa = PBXFrameworksBuildPhase;
			buildActionMask = 2147483647;
			files = (
			);
			runOnlyForDeploymentPostprocessing = 0;
		};
/* End PBXFrameworksBuildPhase section */

/* Begin PBXGroup section */
		F1C10FBC26F92E8400FF5A20 = {
			isa = PBXGroup;
			children = (
				F1C10FC726F92E8400FF5A20 /* ZipCoder */,
				F1C10FDE26F92E8500FF5A20 /* ZipCoderTests */,
				F1C10FE926F92E8500FF5A20 /* ZipCoderUITests */,
				F1C10FC626F92E8400FF5A20 /* Products */,
			);
			sourceTree = "<group>";
		};
		F1C10FC626F92E8400FF5A20 /* Products */ = {
			isa = PBXGroup;
			children = (
				F1C10FC526F92E8400FF5A20 /* ZipCoder.app */,
				F1C10FDB26F92E8500FF5A20 /* ZipCoderTests.xctest */,
				F1C10FE626F92E8500FF5A20 /* ZipCoderUITests.xctest */,
			);
			name = Products;
			sourceTree = "<group>";
		};
		F1C10FC726F92E8400FF5A20 /* ZipCoder */ = {
			isa = PBXGroup;
			children = (
				F13F181426F934DC009A6EDB /* app_settings.json */,
				F1C10FC826F92E8400FF5A20 /* AppDelegate.swift */,
				F1C10FCA26F92E8400FF5A20 /* SceneDelegate.swift */,
				F1C10FCC26F92E8400FF5A20 /* SearchViewController.swift */,
				F13F181A26F94C20009A6EDB /* SearchViewModel.swift */,
				F13F181126F92F4C009A6EDB /* ZipCodeApi.swift */,
				F145A52B26F9592500DF51E4 /* ZipCodeApiResponse.swift */,
				F1C10FCE26F92E8400FF5A20 /* Main.storyboard */,
				F1C10FD126F92E8500FF5A20 /* Assets.xcassets */,
				F1C10FD326F92E8500FF5A20 /* LaunchScreen.storyboard */,
				F1C10FD626F92E8500FF5A20 /* Info.plist */,
			);
			path = ZipCoder;
			sourceTree = "<group>";
		};
		F1C10FDE26F92E8500FF5A20 /* ZipCoderTests */ = {
			isa = PBXGroup;
			children = (
				F1C10FDF26F92E8500FF5A20 /* ZipCoderTests.swift */,
				F1C10FE126F92E8500FF5A20 /* Info.plist */,
			);
			path = ZipCoderTests;
			sourceTree = "<group>";
		};
		F1C10FE926F92E8500FF5A20 /* ZipCoderUITests */ = {
			isa = PBXGroup;
			children = (
				F1C10FEA26F92E8500FF5A20 /* ZipCoderUITests.swift */,
				F1C10FEC26F92E8500FF5A20 /* Info.plist */,
			);
			path = ZipCoderUITests;
			sourceTree = "<group>";
		};
/* End PBXGroup section */

/* Begin PBXNativeTarget section */
		F1C10FC426F92E8400FF5A20 /* ZipCoder */ = {
			isa = PBXNativeTarget;
			buildConfigurationList = F1C10FEF26F92E8500FF5A20 /* Build configuration list for PBXNativeTarget "ZipCoder" */;
			buildPhases = (
				F1C10FC126F92E8400FF5A20 /* Sources */,
				F1C10FC226F92E8400FF5A20 /* Frameworks */,
				F1C10FC326F92E8400FF5A20 /* Resources */,
			);
			buildRules = (
			);
			dependencies = (
			);
			name = ZipCoder;
			productName = ZipCoder;
			productReference = F1C10FC526F92E8400FF5A20 /* ZipCoder.app */;
			productType = "com.apple.product-type.application";
		};
		F1C10FDA26F92E8500FF5A20 /* ZipCoderTests */ = {
			isa = PBXNativeTarget;
			buildConfigurationList = F1C10FF226F92E8500FF5A20 /* Build configuration list for PBXNativeTarget "ZipCoderTests" */;
			buildPhases = (
				F1C10FD726F92E8500FF5A20 /* Sources */,
				F1C10FD826F92E8500FF5A20 /* Frameworks */,
				F1C10FD926F92E8500FF5A20 /* Resources */,
			);
			buildRules = (
			);
			dependencies = (
				F1C10FDD26F92E8500FF5A20 /* PBXTargetDependency */,
			);
			name = ZipCoderTests;
			productName = ZipCoderTests;
			productReference = F1C10FDB26F92E8500FF5A20 /* ZipCoderTests.xctest */;
			productType = "com.apple.product-type.bundle.unit-test";
		};
		F1C10FE526F92E8500FF5A20 /* ZipCoderUITests */ = {
			isa = PBXNativeTarget;
			buildConfigurationList = F1C10FF526F92E8500FF5A20 /* Build configuration list for PBXNativeTarget "ZipCoderUITests" */;
			buildPhases = (
				F1C10FE226F92E8500FF5A20 /* Sources */,
				F1C10FE326F92E8500FF5A20 /* Frameworks */,
				F1C10FE426F92E8500FF5A20 /* Resources */,
			);
			buildRules = (
			);
			dependencies = (
				F1C10FE826F92E8500FF5A20 /* PBXTargetDependency */,
			);
			name = ZipCoderUITests;
			productName = ZipCoderUITests;
			productReference = F1C10FE626F92E8500FF5A20 /* ZipCoderUITests.xctest */;
			productType = "com.apple.product-type.bundle.ui-testing";
		};
/* End PBXNativeTarget section */

/* Begin PBXProject section */
		F1C10FBD26F92E8400FF5A20 /* Project object */ = {
			isa = PBXProject;
			attributes = {
				LastSwiftUpdateCheck = 1250;
				LastUpgradeCheck = 1250;
				TargetAttributes = {
					F1C10FC426F92E8400FF5A20 = {
						CreatedOnToolsVersion = 12.5.1;
					};
					F1C10FDA26F92E8500FF5A20 = {
						CreatedOnToolsVersion = 12.5.1;
						TestTargetID = F1C10FC426F92E8400FF5A20;
					};
					F1C10FE526F92E8500FF5A20 = {
						CreatedOnToolsVersion = 12.5.1;
						TestTargetID = F1C10FC426F92E8400FF5A20;
					};
				};
			};
			buildConfigurationList = F1C10FC026F92E8400FF5A20 /* Build configuration list for PBXProject "ZipCoder" */;
			compatibilityVersion = "Xcode 9.3";
			developmentRegion = en;
			hasScannedForEncodings = 0;
			knownRegions = (
				en,
				Base,
			);
			mainGroup = F1C10FBC26F92E8400FF5A20;
			productRefGroup = F1C10FC626F92E8400FF5A20 /* Products */;
			projectDirPath = "";
			projectRoot = "";
			targets = (
				F1C10FC426F92E8400FF5A20 /* ZipCoder */,
				F1C10FDA26F92E8500FF5A20 /* ZipCoderTests */,
				F1C10FE526F92E8500FF5A20 /* ZipCoderUITests */,
			);
		};
/* End PBXProject section */

/* Begin PBXResourcesBuildPhase section */
		F1C10FC326F92E8400FF5A20 /* Resources */ = {
			isa = PBXResourcesBuildPhase;
			buildActionMask = 2147483647;
			files = (
				F1C10FD526F92E8500FF5A20 /* LaunchScreen.storyboard in Resources */,
				F1C10FD226F92E8500FF5A20 /* Assets.xcassets in Resources */,
				F13F181526F934DC009A6EDB /* app_settings.json in Resources */,
				F1C10FD026F92E8400FF5A20 /* Main.storyboard in Resources */,
			);
			runOnlyForDeploymentPostprocessing = 0;
		};
		F1C10FD926F92E8500FF5A20 /* Resources */ = {
			isa = PBXResourcesBuildPhase;
			buildActionMask = 2147483647;
			files = (
			);
			runOnlyForDeploymentPostprocessing = 0;
		};
		F1C10FE426F92E8500FF5A20 /* Resources */ = {
			isa = PBXResourcesBuildPhase;
			buildActionMask = 2147483647;
			files = (
			);
			runOnlyForDeploymentPostprocessing = 0;
		};
/* End PBXResourcesBuildPhase section */

/* Begin PBXSourcesBuildPhase section */
		F1C10FC126F92E8400FF5A20 /* Sources */ = {
			isa = PBXSourcesBuildPhase;
			buildActionMask = 2147483647;
			files = (
				F145A52C26F9592500DF51E4 /* ZipCodeApiResponse.swift in Sources */,
				F13F181B26F94C20009A6EDB /* SearchViewModel.swift in Sources */,
				F1C10FCD26F92E8400FF5A20 /* SearchViewController.swift in Sources */,
				F1C10FC926F92E8400FF5A20 /* AppDelegate.swift in Sources */,
				F1C10FCB26F92E8400FF5A20 /* SceneDelegate.swift in Sources */,
				F13F181226F92F4C009A6EDB /* ZipCodeApi.swift in Sources */,
			);
			runOnlyForDeploymentPostprocessing = 0;
		};
		F1C10FD726F92E8500FF5A20 /* Sources */ = {
			isa = PBXSourcesBuildPhase;
			buildActionMask = 2147483647;
			files = (
				F1C10FE026F92E8500FF5A20 /* ZipCoderTests.swift in Sources */,
			);
			runOnlyForDeploymentPostprocessing = 0;
		};
		F1C10FE226F92E8500FF5A20 /* Sources */ = {
			isa = PBXSourcesBuildPhase;
			buildActionMask = 2147483647;
			files = (
				F1C10FEB26F92E8500FF5A20 /* ZipCoderUITests.swift in Sources */,
			);
			runOnlyForDeploymentPostprocessing = 0;
		};
/* End PBXSourcesBuildPhase section */

/* Begin PBXTargetDependency section */
		F1C10FDD26F92E8500FF5A20 /* PBXTargetDependency */ = {
			isa = PBXTargetDependency;
			target = F1C10FC426F92E8400FF5A20 /* ZipCoder */;
			targetProxy = F1C10FDC26F92E8500FF5A20 /* PBXContainerItemProxy */;
		};
		F1C10FE826F92E8500FF5A20 /* PBXTargetDependency */ = {
			isa = PBXTargetDependency;
			target = F1C10FC426F92E8400FF5A20 /* ZipCoder */;
			targetProxy = F1C10FE726F92E8500FF5A20 /* PBXContainerItemProxy */;
		};
/* End PBXTargetDependency section */

/* Begin PBXVariantGroup section */
		F1C10FCE26F92E8400FF5A20 /* Main.storyboard */ = {
			isa = PBXVariantGroup;
			children = (
				F1C10FCF26F92E8400FF5A20 /* Base */,
			);
			name = Main.storyboard;
			sourceTree = "<group>";
		};
		F1C10FD326F92E8500FF5A20 /* LaunchScreen.storyboard */ = {
			isa = PBXVariantGroup;
			children = (
				F1C10FD426F92E8500FF5A20 /* Base */,
			);
			name = LaunchScreen.storyboard;
			sourceTree = "<group>";
		};
/* End PBXVariantGroup section */

/* Begin XCBuildConfiguration section */
		F1C10FED26F92E8500FF5A20 /* Debug */ = {
			isa = XCBuildConfiguration;
			buildSettings = {
				ALWAYS_SEARCH_USER_PATHS = NO;
				CLANG_ANALYZER_NONNULL = YES;
				CLANG_ANALYZER_NUMBER_OBJECT_CONVERSION = YES_AGGRESSIVE;
				CLANG_CXX_LANGUAGE_STANDARD = "gnu++14";
				CLANG_CXX_LIBRARY = "libc++";
				CLANG_ENABLE_MODULES = YES;
				CLANG_ENABLE_OBJC_ARC = YES;
				CLANG_ENABLE_OBJC_WEAK = YES;
				CLANG_WARN_BLOCK_CAPTURE_AUTORELEASING = YES;
				CLANG_WARN_BOOL_CONVERSION = YES;
				CLANG_WARN_COMMA = YES;
				CLANG_WARN_CONSTANT_CONVERSION = YES;
				CLANG_WARN_DEPRECATED_OBJC_IMPLEMENTATIONS = YES;
				CLANG_WARN_DIRECT_OBJC_ISA_USAGE = YES_ERROR;
				CLANG_WARN_DOCUMENTATION_COMMENTS = YES;
				CLANG_WARN_EMPTY_BODY = YES;
				CLANG_WARN_ENUM_CONVERSION = YES;
				CLANG_WARN_INFINITE_RECURSION = YES;
				CLANG_WARN_INT_CONVERSION = YES;
				CLANG_WARN_NON_LITERAL_NULL_CONVERSION = YES;
				CLANG_WARN_OBJC_IMPLICIT_RETAIN_SELF = YES;
				CLANG_WARN_OBJC_LITERAL_CONVERSION = YES;
				CLANG_WARN_OBJC_ROOT_CLASS = YES_ERROR;
				CLANG_WARN_QUOTED_INCLUDE_IN_FRAMEWORK_HEADER = YES;
				CLANG_WARN_RANGE_LOOP_ANALYSIS = YES;
				CLANG_WARN_STRICT_PROTOTYPES = YES;
				CLANG_WARN_SUSPICIOUS_MOVE = YES;
				CLANG_WARN_UNGUARDED_AVAILABILITY = YES_AGGRESSIVE;
				CLANG_WARN_UNREACHABLE_CODE = YES;
				CLANG_WARN__DUPLICATE_METHOD_MATCH = YES;
				COPY_PHASE_STRIP = NO;
				DEBUG_INFORMATION_FORMAT = dwarf;
				ENABLE_STRICT_OBJC_MSGSEND = YES;
				ENABLE_TESTABILITY = YES;
				GCC_C_LANGUAGE_STANDARD = gnu11;
				GCC_DYNAMIC_NO_PIC = NO;
				GCC_NO_COMMON_BLOCKS = YES;
				GCC_OPTIMIZATION_LEVEL = 0;
				GCC_PREPROCESSOR_DEFINITIONS = (
					"DEBUG=1",
					"$(inherited)",
				);
				GCC_WARN_64_TO_32_BIT_CONVERSION = YES;
				GCC_WARN_ABOUT_RETURN_TYPE = YES_ERROR;
				GCC_WARN_UNDECLARED_SELECTOR = YES;
				GCC_WARN_UNINITIALIZED_AUTOS = YES_AGGRESSIVE;
				GCC_WARN_UNUSED_FUNCTION = YES;
				GCC_WARN_UNUSED_VARIABLE = YES;
				IPHONEOS_DEPLOYMENT_TARGET = 14.5;
				MTL_ENABLE_DEBUG_INFO = INCLUDE_SOURCE;
				MTL_FAST_MATH = YES;
				ONLY_ACTIVE_ARCH = YES;
				SDKROOT = iphoneos;
				SWIFT_ACTIVE_COMPILATION_CONDITIONS = DEBUG;
				SWIFT_OPTIMIZATION_LEVEL = "-Onone";
			};
			name = Debug;
		};
		F1C10FEE26F92E8500FF5A20 /* Release */ = {
			isa = XCBuildConfiguration;
			buildSettings = {
				ALWAYS_SEARCH_USER_PATHS = NO;
				CLANG_ANALYZER_NONNULL = YES;
				CLANG_ANALYZER_NUMBER_OBJECT_CONVERSION = YES_AGGRESSIVE;
				CLANG_CXX_LANGUAGE_STANDARD = "gnu++14";
				CLANG_CXX_LIBRARY = "libc++";
				CLANG_ENABLE_MODULES = YES;
				CLANG_ENABLE_OBJC_ARC = YES;
				CLANG_ENABLE_OBJC_WEAK = YES;
				CLANG_WARN_BLOCK_CAPTURE_AUTORELEASING = YES;
				CLANG_WARN_BOOL_CONVERSION = YES;
				CLANG_WARN_COMMA = YES;
				CLANG_WARN_CONSTANT_CONVERSION = YES;
				CLANG_WARN_DEPRECATED_OBJC_IMPLEMENTATIONS = YES;
				CLANG_WARN_DIRECT_OBJC_ISA_USAGE = YES_ERROR;
				CLANG_WARN_DOCUMENTATION_COMMENTS = YES;
				CLANG_WARN_EMPTY_BODY = YES;
				CLANG_WARN_ENUM_CONVERSION = YES;
				CLANG_WARN_INFINITE_RECURSION = YES;
				CLANG_WARN_INT_CONVERSION = YES;
				CLANG_WARN_NON_LITERAL_NULL_CONVERSION = YES;
				CLANG_WARN_OBJC_IMPLICIT_RETAIN_SELF = YES;
				CLANG_WARN_OBJC_LITERAL_CONVERSION = YES;
				CLANG_WARN_OBJC_ROOT_CLASS = YES_ERROR;
				CLANG_WARN_QUOTED_INCLUDE_IN_FRAMEWORK_HEADER = YES;
				CLANG_WARN_RANGE_LOOP_ANALYSIS = YES;
				CLANG_WARN_STRICT_PROTOTYPES = YES;
				CLANG_WARN_SUSPICIOUS_MOVE = YES;
				CLANG_WARN_UNGUARDED_AVAILABILITY = YES_AGGRESSIVE;
				CLANG_WARN_UNREACHABLE_CODE = YES;
				CLANG_WARN__DUPLICATE_METHOD_MATCH = YES;
				COPY_PHASE_STRIP = NO;
				DEBUG_INFORMATION_FORMAT = "dwarf-with-dsym";
				ENABLE_NS_ASSERTIONS = NO;
				ENABLE_STRICT_OBJC_MSGSEND = YES;
				GCC_C_LANGUAGE_STANDARD = gnu11;
				GCC_NO_COMMON_BLOCKS = YES;
				GCC_WARN_64_TO_32_BIT_CONVERSION = YES;
				GCC_WARN_ABOUT_RETURN_TYPE = YES_ERROR;
				GCC_WARN_UNDECLARED_SELECTOR = YES;
				GCC_WARN_UNINITIALIZED_AUTOS = YES_AGGRESSIVE;
				GCC_WARN_UNUSED_FUNCTION = YES;
				GCC_WARN_UNUSED_VARIABLE = YES;
				IPHONEOS_DEPLOYMENT_TARGET = 14.5;
				MTL_ENABLE_DEBUG_INFO = NO;
				MTL_FAST_MATH = YES;
				SDKROOT = iphoneos;
				SWIFT_COMPILATION_MODE = wholemodule;
				SWIFT_OPTIMIZATION_LEVEL = "-O";
				VALIDATE_PRODUCT = YES;
			};
			name = Release;
		};
		F1C10FF026F92E8500FF5A20 /* Debug */ = {
			isa = XCBuildConfiguration;
			buildSettings = {
				ASSETCATALOG_COMPILER_APPICON_NAME = AppIcon;
				ASSETCATALOG_COMPILER_GLOBAL_ACCENT_COLOR_NAME = AccentColor;
				CODE_SIGN_STYLE = Automatic;
				DEVELOPMENT_TEAM = DD4594784T;
				INFOPLIST_FILE = ZipCoder/Info.plist;
				LD_RUNPATH_SEARCH_PATHS = (
					"$(inherited)",
					"@executable_path/Frameworks",
				);
				PRODUCT_BUNDLE_IDENTIFIER = YG.ZipCoder;
				PRODUCT_NAME = "$(TARGET_NAME)";
				SWIFT_VERSION = 5.0;
				TARGETED_DEVICE_FAMILY = "1,2";
			};
			name = Debug;
		};
		F1C10FF126F92E8500FF5A20 /* Release */ = {
			isa = XCBuildConfiguration;
			buildSettings = {
				ASSETCATALOG_COMPILER_APPICON_NAME = AppIcon;
				ASSETCATALOG_COMPILER_GLOBAL_ACCENT_COLOR_NAME = AccentColor;
				CODE_SIGN_STYLE = Automatic;
				DEVELOPMENT_TEAM = DD4594784T;
				INFOPLIST_FILE = ZipCoder/Info.plist;
				LD_RUNPATH_SEARCH_PATHS = (
					"$(inherited)",
					"@executable_path/Frameworks",
				);
				PRODUCT_BUNDLE_IDENTIFIER = YG.ZipCoder;
				PRODUCT_NAME = "$(TARGET_NAME)";
				SWIFT_VERSION = 5.0;
				TARGETED_DEVICE_FAMILY = "1,2";
			};
			name = Release;
		};
		F1C10FF326F92E8500FF5A20 /* Debug */ = {
			isa = XCBuildConfiguration;
			buildSettings = {
				ALWAYS_EMBED_SWIFT_STANDARD_LIBRARIES = YES;
				BUNDLE_LOADER = "$(TEST_HOST)";
				CODE_SIGN_STYLE = Automatic;
				DEVELOPMENT_TEAM = DD4594784T;
				INFOPLIST_FILE = ZipCoderTests/Info.plist;
				IPHONEOS_DEPLOYMENT_TARGET = 14.5;
				LD_RUNPATH_SEARCH_PATHS = (
					"$(inherited)",
					"@executable_path/Frameworks",
					"@loader_path/Frameworks",
				);
				PRODUCT_BUNDLE_IDENTIFIER = YG.ZipCoderTests;
				PRODUCT_NAME = "$(TARGET_NAME)";
				SWIFT_VERSION = 5.0;
				TARGETED_DEVICE_FAMILY = "1,2";
				TEST_HOST = "$(BUILT_PRODUCTS_DIR)/ZipCoder.app/ZipCoder";
			};
			name = Debug;
		};
		F1C10FF426F92E8500FF5A20 /* Release */ = {
			isa = XCBuildConfiguration;
			buildSettings = {
				ALWAYS_EMBED_SWIFT_STANDARD_LIBRARIES = YES;
				BUNDLE_LOADER = "$(TEST_HOST)";
				CODE_SIGN_STYLE = Automatic;
				DEVELOPMENT_TEAM = DD4594784T;
				INFOPLIST_FILE = ZipCoderTests/Info.plist;
				IPHONEOS_DEPLOYMENT_TARGET = 14.5;
				LD_RUNPATH_SEARCH_PATHS = (
					"$(inherited)",
					"@executable_path/Frameworks",
					"@loader_path/Frameworks",
				);
				PRODUCT_BUNDLE_IDENTIFIER = YG.ZipCoderTests;
				PRODUCT_NAME = "$(TARGET_NAME)";
				SWIFT_VERSION = 5.0;
				TARGETED_DEVICE_FAMILY = "1,2";
				TEST_HOST = "$(BUILT_PRODUCTS_DIR)/ZipCoder.app/ZipCoder";
			};
			name = Release;
		};
		F1C10FF626F92E8500FF5A20 /* Debug */ = {
			isa = XCBuildConfiguration;
			buildSettings = {
				ALWAYS_EMBED_SWIFT_STANDARD_LIBRARIES = YES;
				CODE_SIGN_STYLE = Automatic;
				DEVELOPMENT_TEAM = DD4594784T;
				INFOPLIST_FILE = ZipCoderUITests/Info.plist;
				LD_RUNPATH_SEARCH_PATHS = (
					"$(inherited)",
					"@executable_path/Frameworks",
					"@loader_path/Frameworks",
				);
				PRODUCT_BUNDLE_IDENTIFIER = YG.ZipCoderUITests;
				PRODUCT_NAME = "$(TARGET_NAME)";
				SWIFT_VERSION = 5.0;
				TARGETED_DEVICE_FAMILY = "1,2";
				TEST_TARGET_NAME = ZipCoder;
			};
			name = Debug;
		};
		F1C10FF726F92E8500FF5A20 /* Release */ = {
			isa = XCBuildConfiguration;
			buildSettings = {
				ALWAYS_EMBED_SWIFT_STANDARD_LIBRARIES = YES;
				CODE_SIGN_STYLE = Automatic;
				DEVELOPMENT_TEAM = DD4594784T;
				INFOPLIST_FILE = ZipCoderUITests/Info.plist;
				LD_RUNPATH_SEARCH_PATHS = (
					"$(inherited)",
					"@executable_path/Frameworks",
					"@loader_path/Frameworks",
				);
				PRODUCT_BUNDLE_IDENTIFIER = YG.ZipCoderUITests;
				PRODUCT_NAME = "$(TARGET_NAME)";
				SWIFT_VERSION = 5.0;
				TARGETED_DEVICE_FAMILY = "1,2";
				TEST_TARGET_NAME = ZipCoder;
			};
			name = Release;
		};
/* End XCBuildConfiguration section */

/* Begin XCConfigurationList section */
		F1C10FC026F92E8400FF5A20 /* Build configuration list for PBXProject "ZipCoder" */ = {
			isa = XCConfigurationList;
			buildConfigurations = (
				F1C10FED26F92E8500FF5A20 /* Debug */,
				F1C10FEE26F92E8500FF5A20 /* Release */,
			);
			defaultConfigurationIsVisible = 0;
			defaultConfigurationName = Release;
		};
		F1C10FEF26F92E8500FF5A20 /* Build configuration list for PBXNativeTarget "ZipCoder" */ = {
			isa = XCConfigurationList;
			buildConfigurations = (
				F1C10FF026F92E8500FF5A20 /* Debug */,
				F1C10FF126F92E8500FF5A20 /* Release */,
			);
			defaultConfigurationIsVisible = 0;
			defaultConfigurationName = Release;
		};
		F1C10FF226F92E8500FF5A20 /* Build configuration list for PBXNativeTarget "ZipCoderTests" */ = {
			isa = XCConfigurationList;
			buildConfigurations = (
				F1C10FF326F92E8500FF5A20 /* Debug */,
				F1C10FF426F92E8500FF5A20 /* Release */,
			);
			defaultConfigurationIsVisible = 0;
			defaultConfigurationName = Release;
		};
		F1C10FF526F92E8500FF5A20 /* Build configuration list for PBXNativeTarget "ZipCoderUITests" */ = {
			isa = XCConfigurationList;
			buildConfigurations = (
				F1C10FF626F92E8500FF5A20 /* Debug */,
				F1C10FF726F92E8500FF5A20 /* Release */,
			);
			defaultConfigurationIsVisible = 0;
			defaultConfigurationName = Release;
		};
/* End XCConfigurationList section */
	};
	rootObject = F1C10FBD26F92E8400FF5A20 /* Project object */;
}
